
Microsoft Visual Studio Solution File, Format Version 12.00
# Visual Studio Version 16
VisualStudioVersion = 16.0.31005.135
MinimumVisualStudioVersion = 10.0.40219.1
Project("{9A19103F-16F7-4668-BE54-9A1E7A4F7556}") = "FunctionConsumer", "FunctionConsumer.csproj", "{DB5057A2-B93A-428D-85CF-1D1DF8A8FBCE}"
EndProject
Global
	GlobalSection(SolutionConfigurationPlatforms) = preSolution
		Debug|Any CPU = Debug|Any CPU
		Release|Any CPU = Release|Any CPU
	EndGlobalSection
	GlobalSection(ProjectConfigurationPlatforms) = postSolution
		{DB5057A2-B93A-428D-85CF-1D1DF8A8FBCE}.Debug|Any CPU.ActiveCfg = Debug|Any CPU
		{DB5057A2-B93A-428D-85CF-1D1DF8A8FBCE}.Debug|Any CPU.Build.0 = Debug|Any CPU
		{DB5057A2-B93A-428D-85CF-1D1DF8A8FBCE}.Release|Any CPU.ActiveCfg = Release|Any CPU
		{DB5057A2-B93A-428D-85CF-1D1DF8A8FBCE}.Release|Any CPU.Build.0 = Release|Any CPU
	EndGlobalSection
	GlobalSection(SolutionProperties) = preSolution
		HideSolutionNode = FALSE
	EndGlobalSection
	GlobalSection(ExtensibilityGlobals) = postSolution
		SolutionGuid = {E3A2BA55-8B7B-47D6-9C11-786E0D3AE798}
	EndGlobalSection
EndGlobal
